
Microsoft Visual Studio Solution File, Format Version 12.00
# Visual Studio Version 16
VisualStudioVersion = 16.0.30308.118
MinimumVisualStudioVersion = 10.0.40219.1
Project("{FAE04EC0-301F-11D3-BF4B-00C04F79EFBC}") = "DelegateMain", "DelegateMain\DelegateMain.csproj", "{AEF1D9DD-FA5C-49AC-9DD3-B53F0A7C1C2D}"
EndProject
Global
	GlobalSection(SolutionConfigurationPlatforms) = preSolution
		Debug|Any CPU = Debug|Any CPU
		Release|Any CPU = Release|Any CPU
	EndGlobalSection
	GlobalSection(ProjectConfigurationPlatforms) = postSolution
		{AEF1D9DD-FA5C-49AC-9DD3-B53F0A7C1C2D}.Debug|Any CPU.ActiveCfg = Debug|Any CPU
		{AEF1D9DD-FA5C-49AC-9DD3-B53F0A7C1C2D}.Debug|Any CPU.Build.0 = Debug|Any CPU
		{AEF1D9DD-FA5C-49AC-9DD3-B53F0A7C1C2D}.Release|Any CPU.ActiveCfg = Release|Any CPU
		{AEF1D9DD-FA5C-49AC-9DD3-B53F0A7C1C2D}.Release|Any CPU.Build.0 = Release|Any CPU
	EndGlobalSection
	GlobalSection(SolutionProperties) = preSolution
		HideSolutionNode = FALSE
	EndGlobalSection
	GlobalSection(ExtensibilityGlobals) = postSolution
		SolutionGuid = {2FC963AD-9A18-4D6E-BE10-83F303BF5A50}
	EndGlobalSection
EndGlobal
